# This file is generated by running "yarn install" inside your project.
# Manual changes might be lost - proceed with caution!

__metadata:
  version: 9
  cacheKey: 10c0

"@amber-game/assets@workspace:^, @amber-game/assets@workspace:packages/assets":
  version: 0.0.0-use.local
  resolution: "@amber-game/assets@workspace:packages/assets"
  languageName: unknown
  linkType: soft

"@amber-game/core@workspace:^, @amber-game/core@workspace:packages/core":
  version: 0.0.0-use.local
  resolution: "@amber-game/core@workspace:packages/core"
  languageName: unknown
  linkType: soft

"@amber-game/engine@workspace:^, @amber-game/engine@workspace:packages/engine":
  version: 0.0.0-use.local
  resolution: "@amber-game/engine@workspace:packages/engine"
  dependencies:
    "@amber-game/core": "workspace:^"
    "@amber-game/types": "workspace:^"
    bitmap-index: "npm:^1.0.9"
    ts-sparse-set: "npm:^1.0.5"
  languageName: unknown
  linkType: soft

"@amber-game/game@workspace:packages/game":
  version: 0.0.0-use.local
  resolution: "@amber-game/game@workspace:packages/game"
  dependencies:
    "@amber-game/assets": "workspace:^"
    "@amber-game/engine": "workspace:^"
    ts-proto: "npm:^2.11.5"
    typescript: "npm:^6.0.2"
  languageName: unknown
  linkType: soft

"@amber-game/stdlib@workspace:packages/stdlib":
  version: 0.0.0-use.local
  resolution: "@amber-game/stdlib@workspace:packages/stdlib"
  languageName: unknown
  linkType: soft

"@amber-game/types@workspace:^, @amber-game/types@workspace:packages/types":
  version: 0.0.0-use.local
  resolution: "@amber-game/types@workspace:packages/types"
  languageName: unknown
  linkType: soft

"@bufbuild/protobuf@npm:^2.0.0, @bufbuild/protobuf@npm:^2.10.2":
  version: 2.11.0
  resolution: "@bufbuild/protobuf@npm:2.11.0"
  checksum: 10c0/d54fffd414660b823999cc321d26bd6c5f18a6e75343fc7d2588bda5be540ec542b557ac1f03d6d4b6e9d3e5596b2016e58cda173cd1858c043f0e846ece453f
  languageName: node
  linkType: hard

"bitmap-index@npm:^1.0.9":
  version: 1.0.9
  resolution: "bitmap-index@npm:1.0.9"
  checksum: 10c0/77f734d27340110ae94f18defb8be5dde280cb46d44d6026d07d8c9edfb0beb17b208b260fd50a84adeb91cbc524f08fc12a1f392921751a5013fa16fbbdfd9d
  languageName: node
  linkType: hard

"case-anything@npm:^2.1.13":
  version: 2.1.13
  resolution: "case-anything@npm:2.1.13"
  checksum: 10c0/b02ffa51d7d58b9a32df7b40973836e16afad131eae7d343e64cb3ca7be57a936bf3d6c9d57a7aa242cf2f545d9a33990b755e93bcac2517761d77773a4a6a30
  languageName: node
  linkType: hard

"detect-libc@npm:^1.0.3":
  version: 1.0.3
  resolution: "detect-libc@npm:1.0.3"
  bin:
    detect-libc: ./bin/detect-libc.js
  checksum: 10c0/4da0deae9f69e13bc37a0902d78bf7169480004b1fed3c19722d56cff578d16f0e11633b7fbf5fb6249181236c72e90024cbd68f0b9558ae06e281f47326d50d
  languageName: node
  linkType: hard

"dprint-node@npm:^1.0.8":
  version: 1.0.8
  resolution: "dprint-node@npm:1.0.8"
  dependencies:
    detect-libc: "npm:^1.0.3"
  checksum: 10c0/39c1f8511833226cde773129afc5862dfd05babe062375e6b1f5824e221a5743a4d9c48626f32f7c2080113566270fe80521a50acb9029a20a2e80a3cd5e4106
  languageName: node
  linkType: hard

"game@workspace:.":
  version: 0.0.0-use.local
  resolution: "game@workspace:."
  languageName: unknown
  linkType: soft

"ts-poet@npm:^6.12.0":
  version: 6.12.0
  resolution: "ts-poet@npm:6.12.0"
  dependencies:
    dprint-node: "npm:^1.0.8"
  checksum: 10c0/605ac770055259b618ba657b88995f7851d8a6106d9c335e71c8442be51a9b8a87c501aa7ab4babb43700a32ff47dc1cd877f78892c15166ded87c311c878735
  languageName: node
  linkType: hard

"ts-proto-descriptors@npm:2.1.0":
  version: 2.1.0
  resolution: "ts-proto-descriptors@npm:2.1.0"
  dependencies:
    "@bufbuild/protobuf": "npm:^2.0.0"
  checksum: 10c0/5695def6c31b7f3f8561876361a2db9f1ad859613fdcf1c7ffd093c3477fea4552ccccef9c99cd63ca2a215a7187e20e0de1fc942e2996d6671c25c6b190bf31
  languageName: node
  linkType: hard

"ts-proto@npm:^2.11.5":
  version: 2.11.5
  resolution: "ts-proto@npm:2.11.5"
  dependencies:
    "@bufbuild/protobuf": "npm:^2.10.2"
    case-anything: "npm:^2.1.13"
    ts-poet: "npm:^6.12.0"
    ts-proto-descriptors: "npm:2.1.0"
  bin:
    protoc-gen-ts_proto: protoc-gen-ts_proto
  checksum: 10c0/bfe10ab74fe060096ceab457e18b27c781823ce138f51a1499cc6301aa2fab51dab747fb19219d5df4838432dec270f7edb16c2a21562ef0132ee3990ce71dbd
  languageName: node
  linkType: hard

"ts-sparse-set@npm:^1.0.5":
  version: 1.0.5
  resolution: "ts-sparse-set@npm:1.0.5"
  checksum: 10c0/8d93aa721a4bc15c566b790f93e81e3dbd115f652037bd48fe754356a5635ba6cb83134a7958688554ed33f3c246f39ddc9aba128d1102eb38993976b1f3b04a
  languageName: node
  linkType: hard

"typescript@npm:^6.0.2":
  version: 6.0.2
  resolution: "typescript@npm:6.0.2"
  bin:
    tsc: bin/tsc
    tsserver: bin/tsserver
  checksum: 10c0/4b860b0bf87cc0fee0f66d8ef2640b5a8a8a8c74d1129adb82e389e5f97124383823c47946bef8a73ede371461143a3aa8544399d2133c7b2e4f07e81860af7f
  languageName: node
  linkType: hard

"typescript@patch:typescript@npm%3A^6.0.2#optional!builtin<compat/typescript>":
  version: 6.0.2
  resolution: "typescript@patch:typescript@npm%3A6.0.2#optional!builtin<compat/typescript>::version=6.0.2&hash=5786d5"
  bin:
    tsc: bin/tsc
    tsserver: bin/tsserver
  checksum: 10c0/49f0b84fc6ca55653e77752b8a61beabc09ee3dae5d965c31596225aa6ef213c5727b1d2e895b900416dc603854ba0872ac4a812c2a4ed6793a601f9c675de02
  languageName: node
  linkType: hard
